<?xml version="1.0" encoding="utf-8"?>
<Project ToolsVersion="4.0" xmlns="http://schemas.microsoft.com/developer/msbuild/2003">
  <ItemGroup>
    <Filter Include="Core">
      <UniqueIdentifier>{0bd8d4d0-7254-4134-b6a1-74c29d1c369a}</UniqueIdentifier>
    </Filter>
    <Filter Include="Dependencies">
      <UniqueIdentifier>{0df1df2a-9a68-4346-97a4-3b0f9c8a2b4d}</UniqueIdentifier>
    </Filter>
    <Filter Include="Dependencies\gRPC">
      <UniqueIdentifier>{f8432a62-4d72-47cd-9d31-2cef6bf88854}</UniqueIdentifier>
    </Filter>
    <Filter Include="Utilitiy">
      <UniqueIdentifier>{7ce02508-ca63-4709-ad4d-5c039bf1b987}</UniqueIdentifier>
    </Filter>
    <Filter Include="Object">
      <UniqueIdentifier>{3073ca30-ec61-429c-a115-22d0ddae8148}</UniqueIdentifier>
    </Filter>
    <Filter Include="Abstract">
      <UniqueIdentifier>{afee024b-b09a-4761-a4bb-954a70660299}</UniqueIdentifier>
    </Filter>
    <Filter Include="Threads">
      <UniqueIdentifier>{742fd5cb-8b66-4457-b84d-5dcb0703eb90}</UniqueIdentifier>
    </Filter>
    <Filter Include="Object\UI">
      <UniqueIdentifier>{abb9f111-6f2c-491d-a15e-28984fe3a58d}</UniqueIdentifier>
    </Filter>
    <Filter Include="Managers">
      <UniqueIdentifier>{13b24f8c-7d86-4066-a027-8820452ba5db}</UniqueIdentifier>
    </Filter>
    <Filter Include="Monitors">
      <UniqueIdentifier>{0030abfd-88b8-4c0e-a58e-96cef879692d}</UniqueIdentifier>
    </Filter>
  </ItemGroup>
  <ItemGroup>
    <ClCompile Include="src\Game.cpp">
      <Filter>Core</Filter>
    </ClCompile>
    <ClCompile Include="src\main.cpp">
      <Filter>Core</Filter>
    </ClCompile>
    <ClCompile Include="src\LevelData.grpc.pb.cc">
      <Filter>Dependencies\gRPC</Filter>
    </ClCompile>
    <ClCompile Include="src\LevelData.pb.cc">
      <Filter>Dependencies\gRPC</Filter>
    </ClCompile>
    <ClCompile Include="src\Mesh.cpp">
      <Filter>Object</Filter>
    </ClCompile>
    <ClCompile Include="src\Shader.cpp">
      <Filter>Object</Filter>
    </ClCompile>
    <ClCompile Include="src\Texture.cpp">
      <Filter>Object</Filter>
    </ClCompile>
    <ClCompile Include="src\AUIScreen.cpp">
      <Filter>Abstract</Filter>
    </ClCompile>
    <ClCompile Include="src\ConsoleScreen.cpp">
      <Filter>Object\UI</Filter>
    </ClCompile>
    <ClCompile Include="src\UIManager.cpp">
      <Filter>Managers</Filter>
    </ClCompile>
    <ClCompile Include="src\IETThread.cpp">
      <Filter>Threads</Filter>
    </ClCompile>
    <ClCompile Include="src\Debug.cpp">
      <Filter>Utilitiy</Filter>
    </ClCompile>
    <ClCompile Include="src\EventBroadcaster.cpp">
      <Filter>Utilitiy</Filter>
    </ClCompile>
    <ClCompile Include="src\LevelDataServer.cpp">
      <Filter>Threads</Filter>
    </ClCompile>
    <ClCompile Include="src\LevelDataClient.cpp">
      <Filter>Threads</Filter>
    </ClCompile>
    <ClCompile Include="src\ServerMain.cpp">
      <Filter>Core</Filter>
    </ClCompile>
    <ClCompile Include="src\GameObjectManager.cpp">
      <Filter>Managers</Filter>
    </ClCompile>
    <ClCompile Include="src\AGameObject.cpp">
      <Filter>Abstract</Filter>
    </ClCompile>
    <ClCompile Include="src\Transform.cpp">
      <Filter>Utilitiy</Filter>
    </ClCompile>
    <ClCompile Include="src\Model.cpp">
      <Filter>Object</Filter>
    </ClCompile>
    <ClCompile Include="src\DownloadScreen.cpp">
      <Filter>Object\UI</Filter>
    </ClCompile>
    <ClCompile Include="src\EngineTime.cpp">
      <Filter>Managers</Filter>
    </ClCompile>
    <ClCompile Include="src\MenuBar.cpp">
      <Filter>Object\UI</Filter>
    </ClCompile>
    <ClCompile Include="src\GenericMonitor.cpp">
      <Filter>Monitors</Filter>
    </ClCompile>
    <ClCompile Include="src\ResourceMonitor.cpp">
      <Filter>Monitors</Filter>
    </ClCompile>
    <ClCompile Include="src\PoolWorkerThread.cpp">
      <Filter>Threads</Filter>
    </ClCompile>
    <ClCompile Include="src\ThreadPool.cpp">
      <Filter>Threads</Filter>
    </ClCompile>
    <ClCompile Include="src\ClientRequestManager.cpp">
      <Filter>Managers</Filter>
    </ClCompile>
  </ItemGroup>
  <ItemGroup>
    <ClInclude Include="src\config.h">
      <Filter>Core</Filter>
    </ClInclude>
    <ClInclude Include="src\Game.h">
      <Filter>Core</Filter>
    </ClInclude>
    <ClInclude Include="src\LevelData.pb.h">
      <Filter>Dependencies\gRPC</Filter>
    </ClInclude>
    <ClInclude Include="src\LevelData.grpc.pb.h">
      <Filter>Dependencies\gRPC</Filter>
    </ClInclude>
    <ClInclude Include="src\Mesh.h">
      <Filter>Object</Filter>
    </ClInclude>
    <ClInclude Include="src\Shader.h">
      <Filter>Object</Filter>
    </ClInclude>
    <ClInclude Include="src\Texture.h">
      <Filter>Object</Filter>
    </ClInclude>
    <ClInclude Include="src\AUIScreen.h">
      <Filter>Abstract</Filter>
    </ClInclude>
    <ClInclude Include="src\ConsoleScreen.h">
      <Filter>Object\UI</Filter>
    </ClInclude>
    <ClInclude Include="src\EventBroadcaster.h">
      <Filter>Utilitiy</Filter>
    </ClInclude>
    <ClInclude Include="src\EventNames.h">
      <Filter>Utilitiy</Filter>
    </ClInclude>
    <ClInclude Include="src\UIManager.h">
      <Filter>Managers</Filter>
    </ClInclude>
    <ClInclude Include="src\IETThread.h">
      <Filter>Threads</Filter>
    </ClInclude>
    <ClInclude Include="src\Debug.h">
      <Filter>Utilitiy</Filter>
    </ClInclude>
    <ClInclude Include="src\LevelDataServer.h">
      <Filter>Threads</Filter>
    </ClInclude>
    <ClInclude Include="src\LevelDataClient.h">
      <Filter>Threads</Filter>
    </ClInclude>
    <ClInclude Include="src\ServerMain.h">
      <Filter>Core</Filter>
    </ClInclude>
    <ClInclude Include="src\GameObjectManager.h">
      <Filter>Managers</Filter>
    </ClInclude>
    <ClInclude Include="src\AGameObject.h">
      <Filter>Abstract</Filter>
    </ClInclude>
    <ClInclude Include="src\Transform.h">
      <Filter>Utilitiy</Filter>
    </ClInclude>
    <ClInclude Include="src\Model.h">
      <Filter>Object</Filter>
    </ClInclude>
    <ClInclude Include="src\DownloadScreen.h">
      <Filter>Object\UI</Filter>
    </ClInclude>
    <ClInclude Include="src\EngineTime.h">
      <Filter>Managers</Filter>
    </ClInclude>
    <ClInclude Include="src\MenuBar.h">
      <Filter>Object\UI</Filter>
    </ClInclude>
    <ClInclude Include="src\GenericMonitor.h">
      <Filter>Monitors</Filter>
    </ClInclude>
    <ClInclude Include="src\ResourceMonitor.h">
      <Filter>Monitors</Filter>
    </ClInclude>
    <ClInclude Include="src\PoolWorkerThread.h">
      <Filter>Threads</Filter>
    </ClInclude>
    <ClInclude Include="src\ThreadPool.h">
      <Filter>Threads</Filter>
    </ClInclude>
    <ClInclude Include="src\IExecutionEvent.h">
      <Filter>Utilitiy</Filter>
    </ClInclude>
    <ClInclude Include="src\IFinishedTask.h">
      <Filter>Utilitiy</Filter>
    </ClInclude>
    <ClInclude Include="src\IWorkerAction.h">
      <Filter>Utilitiy</Filter>
    </ClInclude>
    <ClInclude Include="src\ClientRequestManager.h">
      <Filter>Managers</Filter>
    </ClInclude>
  </ItemGroup>
  <ItemGroup>
    <CopyFileToFolders Include="Shaders\Shader.vert" />
    <CopyFileToFolders Include="Shaders\Shader.frag" />
  </ItemGroup>
</Project>